
Microsoft Visual Studio Solution File, Format Version 12.00
# Visual Studio Version 16
VisualStudioVersion = 16.0.30114.105
MinimumVisualStudioVersion = 10.0.40219.1
Project("{2150E333-8FDC-42A3-9474-1A3956D46DE8}") = "Graphs", "Graphs", "{4106CA2F-79F1-4405-94A8-60D13CE7424D}"
EndProject
Project("{2150E333-8FDC-42A3-9474-1A3956D46DE8}") = "Trees", "Trees", "{329036E3-8E9F-466B-B377-0D9143D0B890}"
EndProject
Project("{FAE04EC0-301F-11D3-BF4B-00C04F79EFBC}") = "Graph", "Graph\Graph\Graph.csproj", "{561D77F2-1724-4768-8D9C-F907240BF0DE}"
EndProject
Project("{FAE04EC0-301F-11D3-BF4B-00C04F79EFBC}") = "GraphTest", "Graph\GraphTest\GraphTest.csproj", "{E81677C7-C570-4FB8-A5FB-905969F98BB7}"
EndProject
Project("{FAE04EC0-301F-11D3-BF4B-00C04F79EFBC}") = "ShortestPath", "ShortestPath\ShortestPath\ShortestPath.csproj", "{CCD8BB4A-5C6D-49E2-9372-C870475F7638}"
EndProject
Project("{FAE04EC0-301F-11D3-BF4B-00C04F79EFBC}") = "ShortestPathTests", "ShortestPath\ShortestPathTests\ShortestPathTests.csproj", "{53D7779A-7D21-4769-BC93-C098496280D0}"
EndProject
Project("{FAE04EC0-301F-11D3-BF4B-00C04F79EFBC}") = "ConsoleApp1", "Trees\ConsoleApp1\ConsoleApp1.csproj", "{05B1C72C-E5C8-49FA-BD32-CF13624F3795}"
EndProject
Project("{2150E333-8FDC-42A3-9474-1A3956D46DE8}") = "Others", "Others", "{1B7FBDC7-C529-4C90-9167-35A9DAC0991D}"
EndProject
Project("{FAE04EC0-301F-11D3-BF4B-00C04F79EFBC}") = "TestBedConsole", "TestBedConsole\TestBedConsole.csproj", "{303E42D7-BA73-4170-A520-F12AD4C85D74}"
EndProject
Project("{FAE04EC0-301F-11D3-BF4B-00C04F79EFBC}") = "TestProject1", "TestProject1\TestProject1.csproj", "{479884C1-DB48-4206-AED7-965ECB2A59DF}"
EndProject
Global
	GlobalSection(SolutionConfigurationPlatforms) = preSolution
		Debug|Any CPU = Debug|Any CPU
		Release|Any CPU = Release|Any CPU
	EndGlobalSection
	GlobalSection(SolutionProperties) = preSolution
		HideSolutionNode = FALSE
	EndGlobalSection
	GlobalSection(NestedProjects) = preSolution
		{561D77F2-1724-4768-8D9C-F907240BF0DE} = {4106CA2F-79F1-4405-94A8-60D13CE7424D}
		{E81677C7-C570-4FB8-A5FB-905969F98BB7} = {4106CA2F-79F1-4405-94A8-60D13CE7424D}
		{CCD8BB4A-5C6D-49E2-9372-C870475F7638} = {4106CA2F-79F1-4405-94A8-60D13CE7424D}
		{53D7779A-7D21-4769-BC93-C098496280D0} = {4106CA2F-79F1-4405-94A8-60D13CE7424D}
		{05B1C72C-E5C8-49FA-BD32-CF13624F3795} = {329036E3-8E9F-466B-B377-0D9143D0B890}
		{303E42D7-BA73-4170-A520-F12AD4C85D74} = {1B7FBDC7-C529-4C90-9167-35A9DAC0991D}
		{479884C1-DB48-4206-AED7-965ECB2A59DF} = {1B7FBDC7-C529-4C90-9167-35A9DAC0991D}
	EndGlobalSection
	GlobalSection(ProjectConfigurationPlatforms) = postSolution
		{561D77F2-1724-4768-8D9C-F907240BF0DE}.Debug|Any CPU.ActiveCfg = Debug|Any CPU
		{561D77F2-1724-4768-8D9C-F907240BF0DE}.Debug|Any CPU.Build.0 = Debug|Any CPU
		{561D77F2-1724-4768-8D9C-F907240BF0DE}.Release|Any CPU.ActiveCfg = Release|Any CPU
		{561D77F2-1724-4768-8D9C-F907240BF0DE}.Release|Any CPU.Build.0 = Release|Any CPU
		{E81677C7-C570-4FB8-A5FB-905969F98BB7}.Debug|Any CPU.ActiveCfg = Debug|Any CPU
		{E81677C7-C570-4FB8-A5FB-905969F98BB7}.Debug|Any CPU.Build.0 = Debug|Any CPU
		{E81677C7-C570-4FB8-A5FB-905969F98BB7}.Release|Any CPU.ActiveCfg = Release|Any CPU
		{E81677C7-C570-4FB8-A5FB-905969F98BB7}.Release|Any CPU.Build.0 = Release|Any CPU
		{CCD8BB4A-5C6D-49E2-9372-C870475F7638}.Debug|Any CPU.ActiveCfg = Debug|Any CPU
		{CCD8BB4A-5C6D-49E2-9372-C870475F7638}.Debug|Any CPU.Build.0 = Debug|Any CPU
		{CCD8BB4A-5C6D-49E2-9372-C870475F7638}.Release|Any CPU.ActiveCfg = Release|Any CPU
		{CCD8BB4A-5C6D-49E2-9372-C870475F7638}.Release|Any CPU.Build.0 = Release|Any CPU
		{53D7779A-7D21-4769-BC93-C098496280D0}.Debug|Any CPU.ActiveCfg = Debug|Any CPU
		{53D7779A-7D21-4769-BC93-C098496280D0}.Debug|Any CPU.Build.0 = Debug|Any CPU
		{53D7779A-7D21-4769-BC93-C098496280D0}.Release|Any CPU.ActiveCfg = Release|Any CPU
		{53D7779A-7D21-4769-BC93-C098496280D0}.Release|Any CPU.Build.0 = Release|Any CPU
		{05B1C72C-E5C8-49FA-BD32-CF13624F3795}.Debug|Any CPU.ActiveCfg = Debug|Any CPU
		{05B1C72C-E5C8-49FA-BD32-CF13624F3795}.Debug|Any CPU.Build.0 = Debug|Any CPU
		{05B1C72C-E5C8-49FA-BD32-CF13624F3795}.Release|Any CPU.ActiveCfg = Release|Any CPU
		{05B1C72C-E5C8-49FA-BD32-CF13624F3795}.Release|Any CPU.Build.0 = Release|Any CPU
		{303E42D7-BA73-4170-A520-F12AD4C85D74}.Debug|Any CPU.ActiveCfg = Debug|Any CPU
		{303E42D7-BA73-4170-A520-F12AD4C85D74}.Debug|Any CPU.Build.0 = Debug|Any CPU
		{303E42D7-BA73-4170-A520-F12AD4C85D74}.Release|Any CPU.ActiveCfg = Release|Any CPU
		{303E42D7-BA73-4170-A520-F12AD4C85D74}.Release|Any CPU.Build.0 = Release|Any CPU
		{479884C1-DB48-4206-AED7-965ECB2A59DF}.Debug|Any CPU.ActiveCfg = Debug|Any CPU
		{479884C1-DB48-4206-AED7-965ECB2A59DF}.Debug|Any CPU.Build.0 = Debug|Any CPU
		{479884C1-DB48-4206-AED7-965ECB2A59DF}.Release|Any CPU.ActiveCfg = Release|Any CPU
		{479884C1-DB48-4206-AED7-965ECB2A59DF}.Release|Any CPU.Build.0 = Release|Any CPU
	EndGlobalSection
EndGlobal
